# @generated - this file is auto-generated by `mise lock` https://mise.en.dev/dev-tools/mise-lock.html

[conda-packages.linux-arm64."_openmp_mutex-4.5-20_gnu"]
url = "https://conda.anaconda.org/conda-forge/linux-aarch64/_openmp_mutex-4.5-20_gnu.conda"
checksum = "sha256:a2527b1d81792a0ccd2c05850960df119c2b6d8f5fdec97f2db7d25dc23b1068"

[conda-packages.linux-arm64."clang-format-22-22.1.8-default_h2a92e99_2"]
url = "https://conda.anaconda.org/conda-forge/linux-aarch64/clang-format-22-22.1.8-default_h2a92e99_2.conda"
checksum = "sha256:7d83eec31e5170f3f62b0c35fd9857ba19916c33edfbd8f2473faa6bc921a1f6"

[conda-packages.linux-arm64."libclang-cpp22.1-22.1.8-default_h2a92e99_2"]
url = "https://conda.anaconda.org/conda-forge/linux-aarch64/libclang-cpp22.1-22.1.8-default_h2a92e99_2.conda"
checksum = "sha256:d90361215838fe8af40bbc7dfecf366da7aeb8431834bc5ad49d3f1701daf5cc"

[conda-packages.linux-arm64."libgcc-15.2.0-h8acb6b2_19"]
url = "https://conda.anaconda.org/conda-forge/linux-aarch64/libgcc-15.2.0-h8acb6b2_19.conda"
checksum = "sha256:4592b096e553f67799ae70d4b6167eeda3ec74587d68c7aecbf4e7b1df136681"

[conda-packages.linux-arm64."libgomp-15.2.0-h8acb6b2_19"]
url = "https://conda.anaconda.org/conda-forge/linux-aarch64/libgomp-15.2.0-h8acb6b2_19.conda"
checksum = "sha256:2370ef0ffcbae5bede3c4bf136add4abc257245eb91f724c99bb4a43116c5a83"

[conda-packages.linux-arm64."libiconv-1.18-h90929bb_2"]
url = "https://conda.anaconda.org/conda-forge/linux-aarch64/libiconv-1.18-h90929bb_2.conda"
checksum = "sha256:1473451cd282b48d24515795a595801c9b65b567fe399d7e12d50b2d6cdb04d9"

[conda-packages.linux-arm64."libllvm22-22.1.8-hfd2ba90_1"]
url = "https://conda.anaconda.org/conda-forge/linux-aarch64/libllvm22-22.1.8-hfd2ba90_1.conda"
checksum = "sha256:dc943f1730a27f5fb36682c9852f7196f671c3a9df4a0a7a8f7ba665637c9151"

[conda-packages.linux-arm64."liblzma-5.8.3-he30d5cf_0"]
url = "https://conda.anaconda.org/conda-forge/linux-aarch64/liblzma-5.8.3-he30d5cf_0.conda"
checksum = "sha256:d61962b9cd54c3554361550203c64d5b65b71e3058a285b66e4b04b9769f0a5c"

[conda-packages.linux-arm64."libstdcxx-15.2.0-hef695bb_19"]
url = "https://conda.anaconda.org/conda-forge/linux-aarch64/libstdcxx-15.2.0-hef695bb_19.conda"
checksum = "sha256:1dadc45e599f510dd5f97141dddcdbb9844d9f1430c1f3a38075cf1c58f87b4e"

[conda-packages.linux-arm64."libxml2-16-2.15.3-h064b767_0"]
url = "https://conda.anaconda.org/conda-forge/linux-aarch64/libxml2-16-2.15.3-h064b767_0.conda"
checksum = "sha256:96e9bd642c013ce3407c23b3819204ea8a591567d62b49baa4bafb2f1487326c"

[conda-packages.linux-arm64."libxml2-2.15.3-h9ba8346_0"]
url = "https://conda.anaconda.org/conda-forge/linux-aarch64/libxml2-2.15.3-h9ba8346_0.conda"
checksum = "sha256:74aa3c62e0ec4491343b95ce4ca8812ad2f9bb015369e29cb3b4b9b4302d8cb0"

[conda-packages.linux-arm64."libzlib-1.3.2-hdc9db2a_2"]
url = "https://conda.anaconda.org/conda-forge/linux-aarch64/libzlib-1.3.2-hdc9db2a_2.conda"
checksum = "sha256:eb111e32e5a7313a5bf799c7fb2419051fa2fe7eff74769fac8d5a448b309f7f"

[conda-packages.linux-arm64."zstd-1.5.7-h85ac4a6_6"]
url = "https://conda.anaconda.org/conda-forge/linux-aarch64/zstd-1.5.7-h85ac4a6_6.conda"
checksum = "sha256:569990cf12e46f9df540275146da567d9c618c1e9c7a0bc9d9cfefadaed20b75"

[conda-packages.linux-arm64-musl."_openmp_mutex-4.5-20_gnu"]
url = "https://conda.anaconda.org/conda-forge/linux-aarch64/_openmp_mutex-4.5-20_gnu.conda"
checksum = "sha256:a2527b1d81792a0ccd2c05850960df119c2b6d8f5fdec97f2db7d25dc23b1068"

[conda-packages.linux-arm64-musl."clang-format-22-22.1.8-default_h2a92e99_2"]
url = "https://conda.anaconda.org/conda-forge/linux-aarch64/clang-format-22-22.1.8-default_h2a92e99_2.conda"
checksum = "sha256:7d83eec31e5170f3f62b0c35fd9857ba19916c33edfbd8f2473faa6bc921a1f6"

[conda-packages.linux-arm64-musl."libclang-cpp22.1-22.1.8-default_h2a92e99_2"]
url = "https://conda.anaconda.org/conda-forge/linux-aarch64/libclang-cpp22.1-22.1.8-default_h2a92e99_2.conda"
checksum = "sha256:d90361215838fe8af40bbc7dfecf366da7aeb8431834bc5ad49d3f1701daf5cc"

[conda-packages.linux-arm64-musl."libgcc-15.2.0-h8acb6b2_19"]
url = "https://conda.anaconda.org/conda-forge/linux-aarch64/libgcc-15.2.0-h8acb6b2_19.conda"
checksum = "sha256:4592b096e553f67799ae70d4b6167eeda3ec74587d68c7aecbf4e7b1df136681"

[conda-packages.linux-arm64-musl."libgomp-15.2.0-h8acb6b2_19"]
url = "https://conda.anaconda.org/conda-forge/linux-aarch64/libgomp-15.2.0-h8acb6b2_19.conda"
checksum = "sha256:2370ef0ffcbae5bede3c4bf136add4abc257245eb91f724c99bb4a43116c5a83"

[conda-packages.linux-arm64-musl."libiconv-1.18-h90929bb_2"]
url = "https://conda.anaconda.org/conda-forge/linux-aarch64/libiconv-1.18-h90929bb_2.conda"
checksum = "sha256:1473451cd282b48d24515795a595801c9b65b567fe399d7e12d50b2d6cdb04d9"

[conda-packages.linux-arm64-musl."libllvm22-22.1.8-hfd2ba90_1"]
url = "https://conda.anaconda.org/conda-forge/linux-aarch64/libllvm22-22.1.8-hfd2ba90_1.conda"
checksum = "sha256:dc943f1730a27f5fb36682c9852f7196f671c3a9df4a0a7a8f7ba665637c9151"

[conda-packages.linux-arm64-musl."liblzma-5.8.3-he30d5cf_0"]
url = "https://conda.anaconda.org/conda-forge/linux-aarch64/liblzma-5.8.3-he30d5cf_0.conda"
checksum = "sha256:d61962b9cd54c3554361550203c64d5b65b71e3058a285b66e4b04b9769f0a5c"

[conda-packages.linux-arm64-musl."libstdcxx-15.2.0-hef695bb_19"]
url = "https://conda.anaconda.org/conda-forge/linux-aarch64/libstdcxx-15.2.0-hef695bb_19.conda"
checksum = "sha256:1dadc45e599f510dd5f97141dddcdbb9844d9f1430c1f3a38075cf1c58f87b4e"

[conda-packages.linux-arm64-musl."libxml2-16-2.15.3-h064b767_0"]
url = "https://conda.anaconda.org/conda-forge/linux-aarch64/libxml2-16-2.15.3-h064b767_0.conda"
checksum = "sha256:96e9bd642c013ce3407c23b3819204ea8a591567d62b49baa4bafb2f1487326c"

[conda-packages.linux-arm64-musl."libxml2-2.15.3-h9ba8346_0"]
url = "https://conda.anaconda.org/conda-forge/linux-aarch64/libxml2-2.15.3-h9ba8346_0.conda"
checksum = "sha256:74aa3c62e0ec4491343b95ce4ca8812ad2f9bb015369e29cb3b4b9b4302d8cb0"

[conda-packages.linux-arm64-musl."libzlib-1.3.2-hdc9db2a_2"]
url = "https://conda.anaconda.org/conda-forge/linux-aarch64/libzlib-1.3.2-hdc9db2a_2.conda"
checksum = "sha256:eb111e32e5a7313a5bf799c7fb2419051fa2fe7eff74769fac8d5a448b309f7f"

[conda-packages.linux-arm64-musl."zstd-1.5.7-h85ac4a6_6"]
url = "https://conda.anaconda.org/conda-forge/linux-aarch64/zstd-1.5.7-h85ac4a6_6.conda"
checksum = "sha256:569990cf12e46f9df540275146da567d9c618c1e9c7a0bc9d9cfefadaed20b75"

[conda-packages.macos-arm64."clang-format-22-22.1.8-default_h8e162e0_2"]
url = "https://conda.anaconda.org/conda-forge/osx-arm64/clang-format-22-22.1.8-default_h8e162e0_2.conda"
checksum = "sha256:d45446029916b979fa42d247bb83eb4e2a2e94c4d9abdffd9bab8d6ada63b6c0"

[conda-packages.macos-arm64."libclang-cpp22.1-22.1.8-default_h8e162e0_2"]
url = "https://conda.anaconda.org/conda-forge/osx-arm64/libclang-cpp22.1-22.1.8-default_h8e162e0_2.conda"
checksum = "sha256:ce1fbfc6abd0e019c2a06bd8da8556dda634ff6b034d48eb17c7e380dd18cf9a"

[conda-packages.macos-arm64."libcxx-22.1.8-h55c6f16_0"]
url = "https://conda.anaconda.org/conda-forge/osx-arm64/libcxx-22.1.8-h55c6f16_0.conda"
checksum = "sha256:a2e7abab5add9750fab064c024394de48e49f97631c605ad5db5c8ac3fc769ef"

[conda-packages.macos-arm64."libiconv-1.18-h23cfdf5_2"]
url = "https://conda.anaconda.org/conda-forge/osx-arm64/libiconv-1.18-h23cfdf5_2.conda"
checksum = "sha256:de0336e800b2af9a40bdd694b03870ac4a848161b35c8a2325704f123f185f03"

[conda-packages.macos-arm64."libllvm22-22.1.8-h89af1be_1"]
url = "https://conda.anaconda.org/conda-forge/osx-arm64/libllvm22-22.1.8-h89af1be_1.conda"
checksum = "sha256:9c0ece5160e3d8749f43f8dd86777be4cfdb51490fb32f4d8269f8fd9866ce55"

[conda-packages.macos-arm64."liblzma-5.8.3-h8088a28_0"]
url = "https://conda.anaconda.org/conda-forge/osx-arm64/liblzma-5.8.3-h8088a28_0.conda"
checksum = "sha256:34878d87275c298f1a732c6806349125cebbf340d24c6c23727268184bba051e"

[conda-packages.macos-arm64."libxml2-16-2.15.3-h6967ea9_0"]
url = "https://conda.anaconda.org/conda-forge/osx-arm64/libxml2-16-2.15.3-h6967ea9_0.conda"
checksum = "sha256:43895a7517c055b8893531290f9dc48bd751eb04be04f14bbce3b6c71b052be6"

[conda-packages.macos-arm64."libxml2-2.15.3-heed7d32_0"]
url = "https://conda.anaconda.org/conda-forge/osx-arm64/libxml2-2.15.3-heed7d32_0.conda"
checksum = "sha256:4d9c117b2dd222cf891710d5f6a570ebb275479979843a1477ac54ed50907b40"

[conda-packages.macos-arm64."libzlib-1.3.2-h8088a28_2"]
url = "https://conda.anaconda.org/conda-forge/osx-arm64/libzlib-1.3.2-h8088a28_2.conda"
checksum = "sha256:361415a698514b19a852f5d1123c5da746d4642139904156ddfca7c922d23a05"

[conda-packages.macos-arm64."zstd-1.5.7-hbf9d68e_6"]
url = "https://conda.anaconda.org/conda-forge/osx-arm64/zstd-1.5.7-hbf9d68e_6.conda"
checksum = "sha256:9485ba49e8f47d2b597dd399e88f4802e100851b27c21d7525625b0b4025a5d9"

[conda-packages.macos-x64."clang-format-22-22.1.8-default_h9399c5b_2"]
url = "https://conda.anaconda.org/conda-forge/osx-64/clang-format-22-22.1.8-default_h9399c5b_2.conda"
checksum = "sha256:86a0435839e2842ec10580c584852a87538fd1feaceac2be76b73c41db43286e"

[conda-packages.macos-x64."libclang-cpp22.1-22.1.8-default_h9399c5b_2"]
url = "https://conda.anaconda.org/conda-forge/osx-64/libclang-cpp22.1-22.1.8-default_h9399c5b_2.conda"
checksum = "sha256:039b9154b2674b197c438cbf7e97a533f7358ee755f60cb61a680c26fe769a5c"

[conda-packages.macos-x64."libcxx-22.1.8-h19cb2f5_0"]
url = "https://conda.anaconda.org/conda-forge/osx-64/libcxx-22.1.8-h19cb2f5_0.conda"
checksum = "sha256:57ee997f1f800cf38abc743c0f0a9ddfe6a101c697c35510452ce6f4ddf96361"

[conda-packages.macos-x64."libiconv-1.18-h57a12c2_2"]
url = "https://conda.anaconda.org/conda-forge/osx-64/libiconv-1.18-h57a12c2_2.conda"
checksum = "sha256:a1c8cecdf9966921e13f0ae921309a1f415dfbd2b791f2117cf7e8f5e61a48b6"

[conda-packages.macos-x64."libllvm22-22.1.8-hab754da_1"]
url = "https://conda.anaconda.org/conda-forge/osx-64/libllvm22-22.1.8-hab754da_1.conda"
checksum = "sha256:c2bd652c5a6c4f0e6029786c4e59c54c09018049664006e94d674db4561238ea"

[conda-packages.macos-x64."liblzma-5.8.3-hbb4bfdb_0"]
url = "https://conda.anaconda.org/conda-forge/osx-64/liblzma-5.8.3-hbb4bfdb_0.conda"
checksum = "sha256:d9e2006051529aec5578c6efeb13bb6a7200a014b2d5a77a579e83a8049d5f3c"

[conda-packages.macos-x64."libxml2-16-2.15.3-h0d7f165_0"]
url = "https://conda.anaconda.org/conda-forge/osx-64/libxml2-16-2.15.3-h0d7f165_0.conda"
checksum = "sha256:daa69a1dd887b2dbac44327bc5af73a4d41fa63bc6dc609782fdda9aec187895"

[conda-packages.macos-x64."libxml2-2.15.3-h0712280_0"]
url = "https://conda.anaconda.org/conda-forge/osx-64/libxml2-2.15.3-h0712280_0.conda"
checksum = "sha256:caf6e73fa53c3dec3227ea67de231b0f7009544252684e816c6f2f414aeb55c9"

[conda-packages.macos-x64."libzlib-1.3.2-hbb4bfdb_2"]
url = "https://conda.anaconda.org/conda-forge/osx-64/libzlib-1.3.2-hbb4bfdb_2.conda"
checksum = "sha256:4c6da089952b2d70150c74234679d6f7ac04f4a98f9432dec724968f912691e7"

[conda-packages.macos-x64."zstd-1.5.7-h3eecb57_6"]
url = "https://conda.anaconda.org/conda-forge/osx-64/zstd-1.5.7-h3eecb57_6.conda"
checksum = "sha256:47101a4055a70a4876ffc87b750ab2287b67eca793f21c8224be5e1ee6394d3f"

[conda-packages.windows-x64."ucrt-10.0.26100.0-h57928b3_0"]
url = "https://conda.anaconda.org/conda-forge/win-64/ucrt-10.0.26100.0-h57928b3_0.conda"
checksum = "sha256:3005729dce6f3d3f5ec91dfc49fc75a0095f9cd23bab49efb899657297ac91a5"

[conda-packages.windows-x64."vc-14.5-h1b7c187_39"]
url = "https://conda.anaconda.org/conda-forge/win-64/vc-14.5-h1b7c187_39.conda"
checksum = "sha256:17693b60cb54f80c60275f003f3bfc1b128af56dbfd65c4fae37c64eeb755ce1"

[conda-packages.windows-x64."vc14_runtime-14.51.36231-h1b9f54f_39"]
url = "https://conda.anaconda.org/conda-forge/win-64/vc14_runtime-14.51.36231-h1b9f54f_39.conda"
checksum = "sha256:8153ed849c92e891eacac0f2f8d7ecb79f9b5fd7f7917fbb896f252a60a40390"

[conda-packages.windows-x64."vcomp14-14.51.36231-h1b9f54f_39"]
url = "https://conda.anaconda.org/conda-forge/win-64/vcomp14-14.51.36231-h1b9f54f_39.conda"
checksum = "sha256:07fb14713c4bc62e2533a2e23a363abfb0e65650681fba0ae4c840e2219350f3"

[[tools."aqua:Kitware/CMake"]]
version = "4.3.3"
backend = "aqua:Kitware/CMake"

[tools."aqua:Kitware/CMake"."platforms.linux-arm64"]
checksum = "sha256:9ea38356dbd3e32e51029a3e09a0f2f8e117ef4fbcaad7a21ffb36409bbd5cb4"
url = "https://github.com/Kitware/CMake/releases/download/v4.3.3/cmake-4.3.3-linux-aarch64.tar.gz"

[tools."aqua:Kitware/CMake"."platforms.linux-arm64-musl"]
checksum = "sha256:9ea38356dbd3e32e51029a3e09a0f2f8e117ef4fbcaad7a21ffb36409bbd5cb4"
url = "https://github.com/Kitware/CMake/releases/download/v4.3.3/cmake-4.3.3-linux-aarch64.tar.gz"

[tools."aqua:Kitware/CMake"."platforms.linux-x64"]
checksum = "sha256:927b2368a946c37269c3a66225ab00544e756459cdd0b5d0da438694fb9ff802"
url = "https://github.com/Kitware/CMake/releases/download/v4.3.3/cmake-4.3.3-linux-x86_64.tar.gz"

[tools."aqua:Kitware/CMake"."platforms.linux-x64-musl"]
checksum = "sha256:927b2368a946c37269c3a66225ab00544e756459cdd0b5d0da438694fb9ff802"
url = "https://github.com/Kitware/CMake/releases/download/v4.3.3/cmake-4.3.3-linux-x86_64.tar.gz"

[tools."aqua:Kitware/CMake"."platforms.macos-arm64"]
checksum = "sha256:5221a13450c7a0219a2a0d1b6c9085eb06489721fafd8488ccebc1584175d2fb"
url = "https://github.com/Kitware/CMake/releases/download/v4.3.3/cmake-4.3.3-macos-universal.tar.gz"

[tools."aqua:Kitware/CMake"."platforms.macos-x64"]
checksum = "sha256:5221a13450c7a0219a2a0d1b6c9085eb06489721fafd8488ccebc1584175d2fb"
url = "https://github.com/Kitware/CMake/releases/download/v4.3.3/cmake-4.3.3-macos-universal.tar.gz"

[tools."aqua:Kitware/CMake"."platforms.windows-x64"]
checksum = "sha256:935ade9e5e8723583c07f44c5592cea2a1c8f65c56ca7e07b34c025c880e0bd6"
url = "https://github.com/Kitware/CMake/releases/download/v4.3.3/cmake-4.3.3-windows-x86_64.zip"

[[tools."aqua:apple/pkl"]]
version = "0.31.1"
backend = "aqua:apple/pkl"

[tools."aqua:apple/pkl"."platforms.linux-arm64"]
checksum = "sha256:7ef10e743daa921fb94ae7bdb9ec6986f362bf250c55814b9ea2aeb13f2d083e"
url = "https://github.com/apple/pkl/releases/download/0.31.1/pkl-linux-aarch64"

[tools."aqua:apple/pkl"."platforms.linux-arm64-musl"]
checksum = "sha256:7ef10e743daa921fb94ae7bdb9ec6986f362bf250c55814b9ea2aeb13f2d083e"
url = "https://github.com/apple/pkl/releases/download/0.31.1/pkl-linux-aarch64"

[tools."aqua:apple/pkl"."platforms.linux-x64"]
checksum = "sha256:618f13955d755cafbfe8c9cba1d27635848cd49dbc6abffd398d2751db1231bf"
url = "https://github.com/apple/pkl/releases/download/0.31.1/pkl-linux-amd64"

[tools."aqua:apple/pkl"."platforms.linux-x64-musl"]
checksum = "sha256:618f13955d755cafbfe8c9cba1d27635848cd49dbc6abffd398d2751db1231bf"
url = "https://github.com/apple/pkl/releases/download/0.31.1/pkl-linux-amd64"

[tools."aqua:apple/pkl"."platforms.macos-arm64"]
checksum = "sha256:1b6a5438d9624cd2798a7530721bbbfa27ef72efe5c878a1b6c546c6e7ca0e8f"
url = "https://github.com/apple/pkl/releases/download/0.31.1/pkl-macos-aarch64"

[tools."aqua:apple/pkl"."platforms.macos-x64"]
checksum = "sha256:22123ed4ae4c03afa8c54c69f77f0bec39b0fa0f67b09d6d148e0a376a2a471d"
url = "https://github.com/apple/pkl/releases/download/0.31.1/pkl-macos-amd64"

[tools."aqua:apple/pkl"."platforms.windows-x64"]
checksum = "sha256:a8834481667325b44c539dbb758d7365a16389070f343c04b639bbe525ede013"
url = "https://github.com/apple/pkl/releases/download/0.31.1/pkl-windows-amd64.exe"

[[tools."aqua:bats-core/bats-core"]]
version = "1.13.0"
backend = "aqua:bats-core/bats-core"

[tools."aqua:bats-core/bats-core"."platforms.linux-arm64"]
url = "https://github.com/bats-core/bats-core/archive/refs/tags/v1.13.0.tar.gz"

[tools."aqua:bats-core/bats-core"."platforms.linux-arm64-musl"]
url = "https://github.com/bats-core/bats-core/archive/refs/tags/v1.13.0.tar.gz"

[tools."aqua:bats-core/bats-core"."platforms.linux-x64"]
url = "https://github.com/bats-core/bats-core/archive/refs/tags/v1.13.0.tar.gz"

[tools."aqua:bats-core/bats-core"."platforms.linux-x64-musl"]
url = "https://github.com/bats-core/bats-core/archive/refs/tags/v1.13.0.tar.gz"

[tools."aqua:bats-core/bats-core"."platforms.macos-arm64"]
checksum = "blake3:d34af9fd0f9101d5309b2de31f3d1699e56a574d7d4b5e6380580a9e758a9744"
url = "https://github.com/bats-core/bats-core/archive/refs/tags/v1.13.0.tar.gz"

[tools."aqua:bats-core/bats-core"."platforms.macos-x64"]
url = "https://github.com/bats-core/bats-core/archive/refs/tags/v1.13.0.tar.gz"

[[tools."aqua:dprint/dprint"]]
version = "0.54.0"
backend = "aqua:dprint/dprint"

[tools."aqua:dprint/dprint"."platforms.linux-arm64"]
checksum = "sha256:9a66b5931ca30402a3dd2933c432c6b6316eedd08037ab0aeb8d24cd17b2a301"
url = "https://github.com/dprint/dprint/releases/download/0.54.0/dprint-aarch64-unknown-linux-musl.zip"

[tools."aqua:dprint/dprint"."platforms.linux-arm64-musl"]
checksum = "sha256:9a66b5931ca30402a3dd2933c432c6b6316eedd08037ab0aeb8d24cd17b2a301"
url = "https://github.com/dprint/dprint/releases/download/0.54.0/dprint-aarch64-unknown-linux-musl.zip"

[tools."aqua:dprint/dprint"."platforms.linux-x64"]
checksum = "sha256:859ae94e596105201faa59a3fb4bedc8316e226e3e154ae410f9373461e1e41c"
url = "https://github.com/dprint/dprint/releases/download/0.54.0/dprint-x86_64-unknown-linux-musl.zip"

[tools."aqua:dprint/dprint"."platforms.linux-x64-musl"]
checksum = "sha256:859ae94e596105201faa59a3fb4bedc8316e226e3e154ae410f9373461e1e41c"
url = "https://github.com/dprint/dprint/releases/download/0.54.0/dprint-x86_64-unknown-linux-musl.zip"

[tools."aqua:dprint/dprint"."platforms.macos-arm64"]
checksum = "sha256:1d6a8fb14d66cba0f049738edd4ab3b1afc1de6d936cd32e483e33284cfd1ade"
url = "https://github.com/dprint/dprint/releases/download/0.54.0/dprint-aarch64-apple-darwin.zip"

[tools."aqua:dprint/dprint"."platforms.macos-x64"]
checksum = "sha256:fdbffa16cf0890ca30e958ffdabe7748e733867651a438ede1501f0e1a7b5e91"
url = "https://github.com/dprint/dprint/releases/download/0.54.0/dprint-x86_64-apple-darwin.zip"

[tools."aqua:dprint/dprint"."platforms.windows-x64"]
checksum = "sha256:3fd881acaf7fd4fbc5d07c3030ce79b965a4cb7128fe0eb1ebe725188ccd2715"
url = "https://github.com/dprint/dprint/releases/download/0.54.0/dprint-x86_64-pc-windows-msvc.zip"

[[tools."aqua:jdx/hk"]]
version = "1.48.0"
backend = "aqua:jdx/hk"

[tools."aqua:jdx/hk"."platforms.linux-arm64"]
checksum = "sha256:d72463103d9682094e9b1fb2f20ef8824d1ec7a9b23f79163921bac7785fcd51"
url = "https://github.com/jdx/hk/releases/download/v1.48.0/hk-aarch64-unknown-linux-gnu.tar.gz"

[tools."aqua:jdx/hk"."platforms.linux-arm64-musl"]
checksum = "sha256:c6ba1ed78e6d205f442e013ffb20e815ff6498ae12aac0705fd3132a9a9b92a0"
url = "https://github.com/jdx/hk/releases/download/v1.48.0/hk-aarch64-unknown-linux-musl.tar.gz"

[tools."aqua:jdx/hk"."platforms.linux-x64"]
checksum = "sha256:6b7f9a28391a8b13b88208d723cbde7b945d095cbb03455c7dd5f8df551ed380"
url = "https://github.com/jdx/hk/releases/download/v1.48.0/hk-x86_64-unknown-linux-gnu.tar.gz"

[tools."aqua:jdx/hk"."platforms.linux-x64-musl"]
checksum = "sha256:bde5bcaab4035488520ab977f23bfe0b1b639152c6ed7200c9592724e2afe88d"
url = "https://github.com/jdx/hk/releases/download/v1.48.0/hk-x86_64-unknown-linux-musl.tar.gz"

[tools."aqua:jdx/hk"."platforms.macos-arm64"]
checksum = "sha256:e3985a14f41ba5eb849bf79502ad19201d0a582114a5ebe35a9afff16742024b"
url = "https://github.com/jdx/hk/releases/download/v1.48.0/hk-aarch64-apple-darwin.tar.gz"

[tools."aqua:jdx/hk"."platforms.windows-x64"]
checksum = "sha256:6349ab27cd7a9c07e68edc7c2af0859c8a540482e97a5b7306e9e88460a5ca43"
url = "https://github.com/jdx/hk/releases/download/v1.48.0/hk-x86_64-pc-windows-msvc.zip"

[[tools."aqua:ninja-build/ninja"]]
version = "1.13.2"
backend = "aqua:ninja-build/ninja"

[tools."aqua:ninja-build/ninja"."platforms.linux-arm64"]
checksum = "sha256:fd2cacc8050a7f12a16a2e48f9e06fca5c14fc4c2bee2babb67b58be17a607fc"
url = "https://github.com/ninja-build/ninja/releases/download/v1.13.2/ninja-linux-aarch64.zip"

[tools."aqua:ninja-build/ninja"."platforms.linux-arm64-musl"]
checksum = "sha256:fd2cacc8050a7f12a16a2e48f9e06fca5c14fc4c2bee2babb67b58be17a607fc"
url = "https://github.com/ninja-build/ninja/releases/download/v1.13.2/ninja-linux-aarch64.zip"

[tools."aqua:ninja-build/ninja"."platforms.linux-x64"]
checksum = "sha256:5749cbc4e668273514150a80e387a957f933c6ed3f5f11e03fb30955e2bbead6"
url = "https://github.com/ninja-build/ninja/releases/download/v1.13.2/ninja-linux.zip"

[tools."aqua:ninja-build/ninja"."platforms.linux-x64-musl"]
checksum = "sha256:5749cbc4e668273514150a80e387a957f933c6ed3f5f11e03fb30955e2bbead6"
url = "https://github.com/ninja-build/ninja/releases/download/v1.13.2/ninja-linux.zip"

[tools."aqua:ninja-build/ninja"."platforms.macos-arm64"]
checksum = "sha256:c99048673aa765960a99cf10c6ddb9f1fad506099ff0a0e137ad8960a88f321b"
url = "https://github.com/ninja-build/ninja/releases/download/v1.13.2/ninja-mac.zip"

[tools."aqua:ninja-build/ninja"."platforms.macos-x64"]
checksum = "sha256:c99048673aa765960a99cf10c6ddb9f1fad506099ff0a0e137ad8960a88f321b"
url = "https://github.com/ninja-build/ninja/releases/download/v1.13.2/ninja-mac.zip"

[tools."aqua:ninja-build/ninja"."platforms.windows-x64"]
checksum = "sha256:07fc8261b42b20e71d1720b39068c2e14ffcee6396b76fb7a795fb460b78dc65"
url = "https://github.com/ninja-build/ninja/releases/download/v1.13.2/ninja-win.zip"

[[tools."aqua:pnpm/pnpm"]]
version = "11.7.0"
backend = "aqua:pnpm/pnpm"

[tools."aqua:pnpm/pnpm"."platforms.linux-arm64"]
checksum = "sha256:a110731cf0f46cf89eb5659b42c9f5c3a2361d30087e2eed921c8378b1fe64a0"
url = "https://github.com/pnpm/pnpm/releases/download/v11.7.0/pnpm-linux-arm64.tar.gz"
provenance = "github-attestations"

[tools."aqua:pnpm/pnpm"."platforms.linux-arm64-musl"]
checksum = "sha256:9c82a83d0fa6dbcd4757f7846f20e73f77d451d6282b32602d9f933b5e2f4052"
url = "https://github.com/pnpm/pnpm/releases/download/v11.7.0/pnpm-linux-arm64-musl.tar.gz"
provenance = "github-attestations"

[tools."aqua:pnpm/pnpm"."platforms.linux-x64"]
checksum = "sha256:752e31654c6f24bc945db784d12831b80b29f533b43105575ce30dd3c8658609"
url = "https://github.com/pnpm/pnpm/releases/download/v11.7.0/pnpm-linux-x64.tar.gz"
provenance = "github-attestations"

[tools."aqua:pnpm/pnpm"."platforms.linux-x64-musl"]
checksum = "sha256:6fa3052e350a1aceeeac90c9f9b59ed048312cab04b34c0472b018e71b243885"
url = "https://github.com/pnpm/pnpm/releases/download/v11.7.0/pnpm-linux-x64-musl.tar.gz"
provenance = "github-attestations"

[tools."aqua:pnpm/pnpm"."platforms.macos-arm64"]
checksum = "sha256:97d077cca1225ae6ab492e5b6d0e6737ab7149c34813e70f25f67c6c2bf274a2"
url = "https://github.com/pnpm/pnpm/releases/download/v11.7.0/pnpm-darwin-arm64.tar.gz"
provenance = "github-attestations"

[tools."aqua:pnpm/pnpm"."platforms.windows-x64"]
checksum = "sha256:08acc088646c1dbf3030984918266058d23c5acf4c518dc7502bd539fc99c280"
url = "https://github.com/pnpm/pnpm/releases/download/v11.7.0/pnpm-win32-x64.zip"
provenance = "github-attestations"

[[tools."aqua:sharkdp/hyperfine"]]
version = "1.20.0"
backend = "aqua:sharkdp/hyperfine"

[tools."aqua:sharkdp/hyperfine"."platforms.linux-arm64"]
checksum = "sha256:90875cb1db7a1d797c311174d061728361e58fc70e3b62262a00635ac3b1997c"
url = "https://github.com/sharkdp/hyperfine/releases/download/v1.20.0/hyperfine-v1.20.0-aarch64-unknown-linux-gnu.tar.gz"

[tools."aqua:sharkdp/hyperfine"."platforms.linux-x64"]
checksum = "sha256:3285ec7959285288137043dd81dce0dde056227018a8277532d9a364b4f03c2b"
url = "https://github.com/sharkdp/hyperfine/releases/download/v1.20.0/hyperfine-v1.20.0-x86_64-unknown-linux-musl.tar.gz"

[tools."aqua:sharkdp/hyperfine"."platforms.linux-x64-musl"]
checksum = "sha256:3285ec7959285288137043dd81dce0dde056227018a8277532d9a364b4f03c2b"
url = "https://github.com/sharkdp/hyperfine/releases/download/v1.20.0/hyperfine-v1.20.0-x86_64-unknown-linux-musl.tar.gz"

[tools."aqua:sharkdp/hyperfine"."platforms.macos-arm64"]
checksum = "sha256:f58d0b90993fadfa122a351428c469ce24afef3865f027f0e6e86f0830d088f1"
url = "https://github.com/sharkdp/hyperfine/releases/download/v1.20.0/hyperfine-v1.20.0-x86_64-apple-darwin.tar.gz"

[tools."aqua:sharkdp/hyperfine"."platforms.macos-x64"]
checksum = "sha256:f58d0b90993fadfa122a351428c469ce24afef3865f027f0e6e86f0830d088f1"
url = "https://github.com/sharkdp/hyperfine/releases/download/v1.20.0/hyperfine-v1.20.0-x86_64-apple-darwin.tar.gz"

[tools."aqua:sharkdp/hyperfine"."platforms.windows-x64"]
checksum = "sha256:2508c549b049b1d4342d08edc1cb42bfac169082b6e3069431b5bab9822dbb32"
url = "https://github.com/sharkdp/hyperfine/releases/download/v1.20.0/hyperfine-v1.20.0-x86_64-pc-windows-msvc.zip"

[[tools."conda:clang-format"]]
version = "22.1.8"
backend = "conda:clang-format"

[tools."conda:clang-format".options]
channel = "conda-forge"

[tools."conda:clang-format"."platforms.linux-arm64"]
checksum = "sha256:5284f11e35a117ef18ca648b92b589b8f88a1c65ef89f00e0c9c68895cef0f04"
url = "https://conda.anaconda.org/conda-forge/linux-aarch64/clang-format-22.1.8-default_h2a92e99_2.conda"
conda_deps = [
    "clang-format-22-22.1.8-default_h2a92e99_2",
    "libclang-cpp22.1-22.1.8-default_h2a92e99_2",
    "libgcc-15.2.0-h8acb6b2_19",
    "libstdcxx-15.2.0-hef695bb_19",
    "libllvm22-22.1.8-hfd2ba90_1",
    "libzlib-1.3.2-hdc9db2a_2",
    "_openmp_mutex-4.5-20_gnu",
    "libgomp-15.2.0-h8acb6b2_19",
    "libxml2-2.15.3-h9ba8346_0",
    "libxml2-16-2.15.3-h064b767_0",
    "liblzma-5.8.3-he30d5cf_0",
    "zstd-1.5.7-h85ac4a6_6",
    "libiconv-1.18-h90929bb_2",
]

[tools."conda:clang-format"."platforms.linux-arm64-musl"]
checksum = "sha256:5284f11e35a117ef18ca648b92b589b8f88a1c65ef89f00e0c9c68895cef0f04"
url = "https://conda.anaconda.org/conda-forge/linux-aarch64/clang-format-22.1.8-default_h2a92e99_2.conda"
conda_deps = [
    "clang-format-22-22.1.8-default_h2a92e99_2",
    "libclang-cpp22.1-22.1.8-default_h2a92e99_2",
    "libgcc-15.2.0-h8acb6b2_19",
    "libstdcxx-15.2.0-hef695bb_19",
    "libllvm22-22.1.8-hfd2ba90_1",
    "libzlib-1.3.2-hdc9db2a_2",
    "_openmp_mutex-4.5-20_gnu",
    "libgomp-15.2.0-h8acb6b2_19",
    "libxml2-2.15.3-h9ba8346_0",
    "libxml2-16-2.15.3-h064b767_0",
    "liblzma-5.8.3-he30d5cf_0",
    "zstd-1.5.7-h85ac4a6_6",
    "libiconv-1.18-h90929bb_2",
]

[tools."conda:clang-format"."platforms.macos-arm64"]
checksum = "sha256:18d87c5916621ad0e2788126dd556c3db0b7c91a34bf68c78e49ab1eacf9e56d"
url = "https://conda.anaconda.org/conda-forge/osx-arm64/clang-format-22.1.8-default_h8e162e0_2.conda"
conda_deps = [
    "libcxx-22.1.8-h55c6f16_0",
    "clang-format-22-22.1.8-default_h8e162e0_2",
    "libclang-cpp22.1-22.1.8-default_h8e162e0_2",
    "libllvm22-22.1.8-h89af1be_1",
    "libzlib-1.3.2-h8088a28_2",
    "libxml2-2.15.3-heed7d32_0",
    "libxml2-16-2.15.3-h6967ea9_0",
    "liblzma-5.8.3-h8088a28_0",
    "zstd-1.5.7-hbf9d68e_6",
    "libiconv-1.18-h23cfdf5_2",
]

[tools."conda:clang-format"."platforms.macos-x64"]
checksum = "sha256:d8a1e811517b4a09a4234c7cec62ef8c5edf697cd48beacf06b051663e7304e6"
url = "https://conda.anaconda.org/conda-forge/osx-64/clang-format-22.1.8-default_h9399c5b_2.conda"
conda_deps = [
    "libcxx-22.1.8-h19cb2f5_0",
    "clang-format-22-22.1.8-default_h9399c5b_2",
    "libclang-cpp22.1-22.1.8-default_h9399c5b_2",
    "libllvm22-22.1.8-hab754da_1",
    "libzlib-1.3.2-hbb4bfdb_2",
    "libxml2-2.15.3-h0712280_0",
    "libxml2-16-2.15.3-h0d7f165_0",
    "liblzma-5.8.3-hbb4bfdb_0",
    "zstd-1.5.7-h3eecb57_6",
    "libiconv-1.18-h57a12c2_2",
]

[tools."conda:clang-format"."platforms.windows-x64"]
checksum = "sha256:e3884322c0460fa2398788a5136c812b2d94e162306613a1220f4007f4e0addd"
url = "https://conda.anaconda.org/conda-forge/win-64/clang-format-22.1.8-default_hac490eb_2.conda"
conda_deps = [
    "ucrt-10.0.26100.0-h57928b3_0",
    "vc-14.5-h1b7c187_39",
    "vc14_runtime-14.51.36231-h1b9f54f_39",
    "vcomp14-14.51.36231-h1b9f54f_39",
]

[[tools."github:prefix-dev/pixi"]]
version = "0.70.2"
backend = "github:prefix-dev/pixi"

[tools."github:prefix-dev/pixi"."platforms.linux-arm64"]
checksum = "sha256:19f61d069f7ab963f3b9d6794134f893c83ecd2b7cd698e19268daa3a1fa606b"
url = "https://github.com/prefix-dev/pixi/releases/download/v0.70.2/pixi-aarch64-unknown-linux-musl.tar.gz"
url_api = "https://api.github.com/repos/prefix-dev/pixi/releases/assets/441802069"

[tools."github:prefix-dev/pixi"."platforms.linux-arm64".provenance.slsa]
url = "https://github.com/prefix-dev/pixi/releases/download/v0.70.2/attestations-aarch64-unknown-linux-musl.intoto.jsonl"

[tools."github:prefix-dev/pixi"."platforms.linux-arm64-musl"]
checksum = "sha256:19f61d069f7ab963f3b9d6794134f893c83ecd2b7cd698e19268daa3a1fa606b"
url = "https://github.com/prefix-dev/pixi/releases/download/v0.70.2/pixi-aarch64-unknown-linux-musl.tar.gz"
url_api = "https://api.github.com/repos/prefix-dev/pixi/releases/assets/441802069"

[tools."github:prefix-dev/pixi"."platforms.linux-arm64-musl".provenance.slsa]
url = "https://github.com/prefix-dev/pixi/releases/download/v0.70.2/attestations-aarch64-unknown-linux-musl.intoto.jsonl"

[tools."github:prefix-dev/pixi"."platforms.linux-x64"]
checksum = "sha256:9d0d72fc1fa1a8f87bfde943cf25d3575cb352cb516795d4dab21898bd98adea"
url = "https://github.com/prefix-dev/pixi/releases/download/v0.70.2/pixi-x86_64-unknown-linux-musl.tar.gz"
url_api = "https://api.github.com/repos/prefix-dev/pixi/releases/assets/441802136"

[tools."github:prefix-dev/pixi"."platforms.linux-x64".provenance.slsa]
url = "https://github.com/prefix-dev/pixi/releases/download/v0.70.2/attestations-x86_64-unknown-linux-musl.intoto.jsonl"

[tools."github:prefix-dev/pixi"."platforms.linux-x64-musl"]
checksum = "sha256:9d0d72fc1fa1a8f87bfde943cf25d3575cb352cb516795d4dab21898bd98adea"
url = "https://github.com/prefix-dev/pixi/releases/download/v0.70.2/pixi-x86_64-unknown-linux-musl.tar.gz"
url_api = "https://api.github.com/repos/prefix-dev/pixi/releases/assets/441802136"

[tools."github:prefix-dev/pixi"."platforms.linux-x64-musl".provenance.slsa]
url = "https://github.com/prefix-dev/pixi/releases/download/v0.70.2/attestations-x86_64-unknown-linux-musl.intoto.jsonl"

[tools."github:prefix-dev/pixi"."platforms.macos-arm64"]
checksum = "sha256:861d03fc9df28c76ef174ece007d02537ae1c24e467d65de0fc82c78af71cced"
url = "https://github.com/prefix-dev/pixi/releases/download/v0.70.2/pixi-aarch64-apple-darwin.tar.gz"
url_api = "https://api.github.com/repos/prefix-dev/pixi/releases/assets/441802024"

[tools."github:prefix-dev/pixi"."platforms.macos-arm64".provenance.slsa]
url = "https://github.com/prefix-dev/pixi/releases/download/v0.70.2/attestations-aarch64-apple-darwin.intoto.jsonl"

[tools."github:prefix-dev/pixi"."platforms.macos-x64"]
checksum = "sha256:5d5b1bb53b8ea17524e6de03f43fe2c770baa9360f098d244fb26e1f44785b3a"
url = "https://github.com/prefix-dev/pixi/releases/download/v0.70.2/pixi-x86_64-apple-darwin.tar.gz"
url_api = "https://api.github.com/repos/prefix-dev/pixi/releases/assets/441802097"

[tools."github:prefix-dev/pixi"."platforms.macos-x64".provenance.slsa]
url = "https://github.com/prefix-dev/pixi/releases/download/v0.70.2/attestations-x86_64-apple-darwin.intoto.jsonl"

[tools."github:prefix-dev/pixi"."platforms.windows-x64"]
checksum = "sha256:90bab8eb79031ae406119dc33ca24bc680a17b05364b96174c5d74a26563509c"
url = "https://github.com/prefix-dev/pixi/releases/download/v0.70.2/pixi-x86_64-pc-windows-msvc.zip"
url_api = "https://api.github.com/repos/prefix-dev/pixi/releases/assets/441802123"

[tools."github:prefix-dev/pixi"."platforms.windows-x64".provenance.slsa]
url = "https://github.com/prefix-dev/pixi/releases/download/v0.70.2/attestations-x86_64-pc-windows-msvc.intoto.jsonl"

[[tools.node]]
version = "24.17.0"
backend = "core:node"

[tools.node."platforms.linux-arm64"]
checksum = "sha256:faa0d59ba7fe7045c950ed09b190578fb8eee73e4358686d38fcc99ca58c1480"
url = "https://nodejs.org/dist/v24.17.0/node-v24.17.0-linux-arm64.tar.gz"

[tools.node."platforms.linux-arm64-musl"]
checksum = "sha256:cc54f73a1a4108d9e325eb201d90b25eeab60edc92b2a13240b2877a74c596da"
url = "https://unofficial-builds.nodejs.org/download/release/v24.17.0/node-v24.17.0-linux-arm64-musl.tar.gz"

[tools.node."platforms.linux-x64"]
checksum = "sha256:e0472427aa791ad80bdc426ff7cc73cdd28ed0f616d1ff9689a23a7f47f1265f"
url = "https://nodejs.org/dist/v24.17.0/node-v24.17.0-linux-x64.tar.gz"

[tools.node."platforms.linux-x64-musl"]
checksum = "sha256:f884c958c0652f7cd0ea43fdc39dddd1a98456ea9b1adeca85964847e2e39fb0"
url = "https://unofficial-builds.nodejs.org/download/release/v24.17.0/node-v24.17.0-linux-x64-musl.tar.gz"

[tools.node."platforms.macos-arm64"]
checksum = "sha256:4fc3266a3702eebc39cc37661cf4eeceeade307e242ab64e4d7ce7949197e11f"
url = "https://nodejs.org/dist/v24.17.0/node-v24.17.0-darwin-arm64.tar.gz"

[tools.node."platforms.macos-x64"]
checksum = "sha256:80da552fe037290cb130e9dea590f5eeeb7aa450636f0c89ab41415511c1ec27"
url = "https://nodejs.org/dist/v24.17.0/node-v24.17.0-darwin-x64.tar.gz"

[tools.node."platforms.windows-x64"]
checksum = "sha256:f2aa33b35b75aca5f3f7b85675a6f6423201053e9381911e64961f3bda2528ab"
url = "https://nodejs.org/dist/v24.17.0/node-v24.17.0-win-x64.zip"

[[tools.python]]
version = "3.13.14"
backend = "core:python"

[tools.python."platforms.linux-arm64"]
checksum = "sha256:6f45030255928d210fe2963a769c53b9f99827779557d117d2b97332ad06f943"
url = "https://github.com/astral-sh/python-build-standalone/releases/download/20260610/cpython-3.13.14+20260610-aarch64-unknown-linux-gnu-install_only_stripped.tar.gz"
provenance = "github-attestations"

[tools.python."platforms.linux-arm64-musl"]
checksum = "sha256:c488b2c947798cf130619f7cd64eaeb63476981252ba76939f733ddf47d38354"
url = "https://github.com/astral-sh/python-build-standalone/releases/download/20260610/cpython-3.13.14+20260610-aarch64-unknown-linux-musl-install_only_stripped.tar.gz"
provenance = "github-attestations"

[tools.python."platforms.linux-x64"]
checksum = "sha256:d607e18e83227a0527cf3f54a48be973a75358a6885e4be67d4b0359b6f1c880"
url = "https://github.com/astral-sh/python-build-standalone/releases/download/20260610/cpython-3.13.14+20260610-x86_64-unknown-linux-gnu-install_only_stripped.tar.gz"
provenance = "github-attestations"

[tools.python."platforms.linux-x64-musl"]
checksum = "sha256:b4e1e97ae7e6144a3b4d13ad53eb8a3a46f2de1abdd6d6868be2bfa8b0e675da"
url = "https://github.com/astral-sh/python-build-standalone/releases/download/20260610/cpython-3.13.14+20260610-x86_64-unknown-linux-musl-install_only_stripped.tar.gz"
provenance = "github-attestations"

[tools.python."platforms.macos-arm64"]
checksum = "sha256:79daa8e9dea1e64ad50aebb05a807289023a474c2020b72361eb44d67fa2401e"
url = "https://github.com/astral-sh/python-build-standalone/releases/download/20260610/cpython-3.13.14+20260610-aarch64-apple-darwin-install_only_stripped.tar.gz"
provenance = "github-attestations"

[tools.python."platforms.macos-x64"]
checksum = "sha256:064731aded38b1a12909088d40d9e0e385dc989e38a1e1de9917610254194962"
url = "https://github.com/astral-sh/python-build-standalone/releases/download/20260610/cpython-3.13.14+20260610-x86_64-apple-darwin-install_only_stripped.tar.gz"
provenance = "github-attestations"

[tools.python."platforms.windows-x64"]
checksum = "sha256:2933d50847057b9131ff89578a220b9206c40fd6bc34d0c12afb716bd9bf8fc9"
url = "https://github.com/astral-sh/python-build-standalone/releases/download/20260610/cpython-3.13.14+20260610-x86_64-pc-windows-msvc-install_only_stripped.tar.gz"
provenance = "github-attestations"
