# @generated - this file is auto-generated by `mise lock` https://mise.en.dev/dev-tools/mise-lock.html

[[tools."aqua:Kitware/CMake"]]
version = "4.3.3"
backend = "aqua:Kitware/CMake"

[tools."aqua:Kitware/CMake"."platforms.linux-arm64"]
checksum = "sha256:9ea38356dbd3e32e51029a3e09a0f2f8e117ef4fbcaad7a21ffb36409bbd5cb4"
url = "https://github.com/Kitware/CMake/releases/download/v4.3.3/cmake-4.3.3-linux-aarch64.tar.gz"

[tools."aqua:Kitware/CMake"."platforms.linux-arm64-musl"]
checksum = "sha256:9ea38356dbd3e32e51029a3e09a0f2f8e117ef4fbcaad7a21ffb36409bbd5cb4"
url = "https://github.com/Kitware/CMake/releases/download/v4.3.3/cmake-4.3.3-linux-aarch64.tar.gz"

[tools."aqua:Kitware/CMake"."platforms.linux-x64"]
checksum = "sha256:927b2368a946c37269c3a66225ab00544e756459cdd0b5d0da438694fb9ff802"
url = "https://github.com/Kitware/CMake/releases/download/v4.3.3/cmake-4.3.3-linux-x86_64.tar.gz"

[tools."aqua:Kitware/CMake"."platforms.linux-x64-musl"]
checksum = "sha256:927b2368a946c37269c3a66225ab00544e756459cdd0b5d0da438694fb9ff802"
url = "https://github.com/Kitware/CMake/releases/download/v4.3.3/cmake-4.3.3-linux-x86_64.tar.gz"

[tools."aqua:Kitware/CMake"."platforms.macos-arm64"]
checksum = "sha256:5221a13450c7a0219a2a0d1b6c9085eb06489721fafd8488ccebc1584175d2fb"
url = "https://github.com/Kitware/CMake/releases/download/v4.3.3/cmake-4.3.3-macos-universal.tar.gz"

[tools."aqua:Kitware/CMake"."platforms.macos-x64"]
checksum = "sha256:5221a13450c7a0219a2a0d1b6c9085eb06489721fafd8488ccebc1584175d2fb"
url = "https://github.com/Kitware/CMake/releases/download/v4.3.3/cmake-4.3.3-macos-universal.tar.gz"

[tools."aqua:Kitware/CMake"."platforms.windows-x64"]
checksum = "sha256:935ade9e5e8723583c07f44c5592cea2a1c8f65c56ca7e07b34c025c880e0bd6"
url = "https://github.com/Kitware/CMake/releases/download/v4.3.3/cmake-4.3.3-windows-x86_64.zip"

[[tools."aqua:apple/pkl"]]
version = "0.31.1"
backend = "aqua:apple/pkl"

[tools."aqua:apple/pkl"."platforms.linux-arm64"]
checksum = "sha256:7ef10e743daa921fb94ae7bdb9ec6986f362bf250c55814b9ea2aeb13f2d083e"
url = "https://github.com/apple/pkl/releases/download/0.31.1/pkl-linux-aarch64"

[tools."aqua:apple/pkl"."platforms.linux-arm64-musl"]
checksum = "sha256:7ef10e743daa921fb94ae7bdb9ec6986f362bf250c55814b9ea2aeb13f2d083e"
url = "https://github.com/apple/pkl/releases/download/0.31.1/pkl-linux-aarch64"

[tools."aqua:apple/pkl"."platforms.linux-x64"]
checksum = "sha256:618f13955d755cafbfe8c9cba1d27635848cd49dbc6abffd398d2751db1231bf"
url = "https://github.com/apple/pkl/releases/download/0.31.1/pkl-linux-amd64"

[tools."aqua:apple/pkl"."platforms.linux-x64-musl"]
checksum = "sha256:618f13955d755cafbfe8c9cba1d27635848cd49dbc6abffd398d2751db1231bf"
url = "https://github.com/apple/pkl/releases/download/0.31.1/pkl-linux-amd64"

[tools."aqua:apple/pkl"."platforms.macos-arm64"]
checksum = "sha256:1b6a5438d9624cd2798a7530721bbbfa27ef72efe5c878a1b6c546c6e7ca0e8f"
url = "https://github.com/apple/pkl/releases/download/0.31.1/pkl-macos-aarch64"

[tools."aqua:apple/pkl"."platforms.macos-x64"]
checksum = "sha256:22123ed4ae4c03afa8c54c69f77f0bec39b0fa0f67b09d6d148e0a376a2a471d"
url = "https://github.com/apple/pkl/releases/download/0.31.1/pkl-macos-amd64"

[tools."aqua:apple/pkl"."platforms.windows-x64"]
checksum = "sha256:a8834481667325b44c539dbb758d7365a16389070f343c04b639bbe525ede013"
url = "https://github.com/apple/pkl/releases/download/0.31.1/pkl-windows-amd64.exe"

[[tools."aqua:bats-core/bats-core"]]
version = "1.13.0"
backend = "aqua:bats-core/bats-core"

[tools."aqua:bats-core/bats-core"."platforms.linux-arm64"]
url = "https://github.com/bats-core/bats-core/archive/refs/tags/v1.13.0.tar.gz"

[tools."aqua:bats-core/bats-core"."platforms.linux-arm64-musl"]
url = "https://github.com/bats-core/bats-core/archive/refs/tags/v1.13.0.tar.gz"

[tools."aqua:bats-core/bats-core"."platforms.linux-x64"]
url = "https://github.com/bats-core/bats-core/archive/refs/tags/v1.13.0.tar.gz"

[tools."aqua:bats-core/bats-core"."platforms.linux-x64-musl"]
url = "https://github.com/bats-core/bats-core/archive/refs/tags/v1.13.0.tar.gz"

[tools."aqua:bats-core/bats-core"."platforms.macos-arm64"]
checksum = "blake3:d34af9fd0f9101d5309b2de31f3d1699e56a574d7d4b5e6380580a9e758a9744"
url = "https://github.com/bats-core/bats-core/archive/refs/tags/v1.13.0.tar.gz"

[tools."aqua:bats-core/bats-core"."platforms.macos-x64"]
url = "https://github.com/bats-core/bats-core/archive/refs/tags/v1.13.0.tar.gz"

[[tools."aqua:dprint/dprint"]]
version = "0.54.0"
backend = "aqua:dprint/dprint"

[tools."aqua:dprint/dprint"."platforms.linux-arm64"]
checksum = "sha256:9a66b5931ca30402a3dd2933c432c6b6316eedd08037ab0aeb8d24cd17b2a301"
url = "https://github.com/dprint/dprint/releases/download/0.54.0/dprint-aarch64-unknown-linux-musl.zip"

[tools."aqua:dprint/dprint"."platforms.linux-arm64-musl"]
checksum = "sha256:9a66b5931ca30402a3dd2933c432c6b6316eedd08037ab0aeb8d24cd17b2a301"
url = "https://github.com/dprint/dprint/releases/download/0.54.0/dprint-aarch64-unknown-linux-musl.zip"

[tools."aqua:dprint/dprint"."platforms.linux-x64"]
checksum = "sha256:859ae94e596105201faa59a3fb4bedc8316e226e3e154ae410f9373461e1e41c"
url = "https://github.com/dprint/dprint/releases/download/0.54.0/dprint-x86_64-unknown-linux-musl.zip"

[tools."aqua:dprint/dprint"."platforms.linux-x64-musl"]
checksum = "sha256:859ae94e596105201faa59a3fb4bedc8316e226e3e154ae410f9373461e1e41c"
url = "https://github.com/dprint/dprint/releases/download/0.54.0/dprint-x86_64-unknown-linux-musl.zip"

[tools."aqua:dprint/dprint"."platforms.macos-arm64"]
checksum = "sha256:1d6a8fb14d66cba0f049738edd4ab3b1afc1de6d936cd32e483e33284cfd1ade"
url = "https://github.com/dprint/dprint/releases/download/0.54.0/dprint-aarch64-apple-darwin.zip"

[tools."aqua:dprint/dprint"."platforms.macos-x64"]
checksum = "sha256:fdbffa16cf0890ca30e958ffdabe7748e733867651a438ede1501f0e1a7b5e91"
url = "https://github.com/dprint/dprint/releases/download/0.54.0/dprint-x86_64-apple-darwin.zip"

[tools."aqua:dprint/dprint"."platforms.windows-x64"]
checksum = "sha256:3fd881acaf7fd4fbc5d07c3030ce79b965a4cb7128fe0eb1ebe725188ccd2715"
url = "https://github.com/dprint/dprint/releases/download/0.54.0/dprint-x86_64-pc-windows-msvc.zip"

[[tools."aqua:jdx/hk"]]
version = "1.48.0"
backend = "aqua:jdx/hk"

[tools."aqua:jdx/hk"."platforms.linux-arm64"]
checksum = "sha256:d72463103d9682094e9b1fb2f20ef8824d1ec7a9b23f79163921bac7785fcd51"
url = "https://github.com/jdx/hk/releases/download/v1.48.0/hk-aarch64-unknown-linux-gnu.tar.gz"

[tools."aqua:jdx/hk"."platforms.linux-arm64-musl"]
checksum = "sha256:c6ba1ed78e6d205f442e013ffb20e815ff6498ae12aac0705fd3132a9a9b92a0"
url = "https://github.com/jdx/hk/releases/download/v1.48.0/hk-aarch64-unknown-linux-musl.tar.gz"

[tools."aqua:jdx/hk"."platforms.linux-x64"]
checksum = "sha256:6b7f9a28391a8b13b88208d723cbde7b945d095cbb03455c7dd5f8df551ed380"
url = "https://github.com/jdx/hk/releases/download/v1.48.0/hk-x86_64-unknown-linux-gnu.tar.gz"

[tools."aqua:jdx/hk"."platforms.linux-x64-musl"]
checksum = "sha256:bde5bcaab4035488520ab977f23bfe0b1b639152c6ed7200c9592724e2afe88d"
url = "https://github.com/jdx/hk/releases/download/v1.48.0/hk-x86_64-unknown-linux-musl.tar.gz"

[tools."aqua:jdx/hk"."platforms.macos-arm64"]
checksum = "sha256:e3985a14f41ba5eb849bf79502ad19201d0a582114a5ebe35a9afff16742024b"
url = "https://github.com/jdx/hk/releases/download/v1.48.0/hk-aarch64-apple-darwin.tar.gz"

[tools."aqua:jdx/hk"."platforms.windows-x64"]
checksum = "sha256:6349ab27cd7a9c07e68edc7c2af0859c8a540482e97a5b7306e9e88460a5ca43"
url = "https://github.com/jdx/hk/releases/download/v1.48.0/hk-x86_64-pc-windows-msvc.zip"

[[tools."aqua:ninja-build/ninja"]]
version = "1.13.2"
backend = "aqua:ninja-build/ninja"

[tools."aqua:ninja-build/ninja"."platforms.linux-arm64"]
checksum = "sha256:fd2cacc8050a7f12a16a2e48f9e06fca5c14fc4c2bee2babb67b58be17a607fc"
url = "https://github.com/ninja-build/ninja/releases/download/v1.13.2/ninja-linux-aarch64.zip"

[tools."aqua:ninja-build/ninja"."platforms.linux-arm64-musl"]
checksum = "sha256:fd2cacc8050a7f12a16a2e48f9e06fca5c14fc4c2bee2babb67b58be17a607fc"
url = "https://github.com/ninja-build/ninja/releases/download/v1.13.2/ninja-linux-aarch64.zip"

[tools."aqua:ninja-build/ninja"."platforms.linux-x64"]
checksum = "sha256:5749cbc4e668273514150a80e387a957f933c6ed3f5f11e03fb30955e2bbead6"
url = "https://github.com/ninja-build/ninja/releases/download/v1.13.2/ninja-linux.zip"

[tools."aqua:ninja-build/ninja"."platforms.linux-x64-musl"]
checksum = "sha256:5749cbc4e668273514150a80e387a957f933c6ed3f5f11e03fb30955e2bbead6"
url = "https://github.com/ninja-build/ninja/releases/download/v1.13.2/ninja-linux.zip"

[tools."aqua:ninja-build/ninja"."platforms.macos-arm64"]
checksum = "sha256:c99048673aa765960a99cf10c6ddb9f1fad506099ff0a0e137ad8960a88f321b"
url = "https://github.com/ninja-build/ninja/releases/download/v1.13.2/ninja-mac.zip"

[tools."aqua:ninja-build/ninja"."platforms.macos-x64"]
checksum = "sha256:c99048673aa765960a99cf10c6ddb9f1fad506099ff0a0e137ad8960a88f321b"
url = "https://github.com/ninja-build/ninja/releases/download/v1.13.2/ninja-mac.zip"

[tools."aqua:ninja-build/ninja"."platforms.windows-x64"]
checksum = "sha256:07fc8261b42b20e71d1720b39068c2e14ffcee6396b76fb7a795fb460b78dc65"
url = "https://github.com/ninja-build/ninja/releases/download/v1.13.2/ninja-win.zip"

[[tools."aqua:pnpm/pnpm"]]
version = "11.7.0"
backend = "aqua:pnpm/pnpm"

[tools."aqua:pnpm/pnpm"."platforms.linux-arm64"]
checksum = "sha256:a110731cf0f46cf89eb5659b42c9f5c3a2361d30087e2eed921c8378b1fe64a0"
url = "https://github.com/pnpm/pnpm/releases/download/v11.7.0/pnpm-linux-arm64.tar.gz"
provenance = "github-attestations"

[tools."aqua:pnpm/pnpm"."platforms.linux-arm64-musl"]
checksum = "sha256:9c82a83d0fa6dbcd4757f7846f20e73f77d451d6282b32602d9f933b5e2f4052"
url = "https://github.com/pnpm/pnpm/releases/download/v11.7.0/pnpm-linux-arm64-musl.tar.gz"
provenance = "github-attestations"

[tools."aqua:pnpm/pnpm"."platforms.linux-x64"]
checksum = "sha256:752e31654c6f24bc945db784d12831b80b29f533b43105575ce30dd3c8658609"
url = "https://github.com/pnpm/pnpm/releases/download/v11.7.0/pnpm-linux-x64.tar.gz"
provenance = "github-attestations"

[tools."aqua:pnpm/pnpm"."platforms.linux-x64-musl"]
checksum = "sha256:6fa3052e350a1aceeeac90c9f9b59ed048312cab04b34c0472b018e71b243885"
url = "https://github.com/pnpm/pnpm/releases/download/v11.7.0/pnpm-linux-x64-musl.tar.gz"
provenance = "github-attestations"

[tools."aqua:pnpm/pnpm"."platforms.macos-arm64"]
checksum = "sha256:97d077cca1225ae6ab492e5b6d0e6737ab7149c34813e70f25f67c6c2bf274a2"
url = "https://github.com/pnpm/pnpm/releases/download/v11.7.0/pnpm-darwin-arm64.tar.gz"
provenance = "github-attestations"

[tools."aqua:pnpm/pnpm"."platforms.windows-x64"]
checksum = "sha256:08acc088646c1dbf3030984918266058d23c5acf4c518dc7502bd539fc99c280"
url = "https://github.com/pnpm/pnpm/releases/download/v11.7.0/pnpm-win32-x64.zip"
provenance = "github-attestations"

[[tools."aqua:sharkdp/hyperfine"]]
version = "1.20.0"
backend = "aqua:sharkdp/hyperfine"

[tools."aqua:sharkdp/hyperfine"."platforms.linux-arm64"]
checksum = "sha256:90875cb1db7a1d797c311174d061728361e58fc70e3b62262a00635ac3b1997c"
url = "https://github.com/sharkdp/hyperfine/releases/download/v1.20.0/hyperfine-v1.20.0-aarch64-unknown-linux-gnu.tar.gz"

[tools."aqua:sharkdp/hyperfine"."platforms.linux-x64"]
checksum = "sha256:3285ec7959285288137043dd81dce0dde056227018a8277532d9a364b4f03c2b"
url = "https://github.com/sharkdp/hyperfine/releases/download/v1.20.0/hyperfine-v1.20.0-x86_64-unknown-linux-musl.tar.gz"

[tools."aqua:sharkdp/hyperfine"."platforms.linux-x64-musl"]
checksum = "sha256:3285ec7959285288137043dd81dce0dde056227018a8277532d9a364b4f03c2b"
url = "https://github.com/sharkdp/hyperfine/releases/download/v1.20.0/hyperfine-v1.20.0-x86_64-unknown-linux-musl.tar.gz"

[tools."aqua:sharkdp/hyperfine"."platforms.macos-arm64"]
checksum = "sha256:f58d0b90993fadfa122a351428c469ce24afef3865f027f0e6e86f0830d088f1"
url = "https://github.com/sharkdp/hyperfine/releases/download/v1.20.0/hyperfine-v1.20.0-x86_64-apple-darwin.tar.gz"

[tools."aqua:sharkdp/hyperfine"."platforms.macos-x64"]
checksum = "sha256:f58d0b90993fadfa122a351428c469ce24afef3865f027f0e6e86f0830d088f1"
url = "https://github.com/sharkdp/hyperfine/releases/download/v1.20.0/hyperfine-v1.20.0-x86_64-apple-darwin.tar.gz"

[tools."aqua:sharkdp/hyperfine"."platforms.windows-x64"]
checksum = "sha256:2508c549b049b1d4342d08edc1cb42bfac169082b6e3069431b5bab9822dbb32"
url = "https://github.com/sharkdp/hyperfine/releases/download/v1.20.0/hyperfine-v1.20.0-x86_64-pc-windows-msvc.zip"

[[tools."github:prefix-dev/pixi"]]
version = "0.70.2"
backend = "github:prefix-dev/pixi"

[tools."github:prefix-dev/pixi"."platforms.linux-arm64"]
checksum = "sha256:19f61d069f7ab963f3b9d6794134f893c83ecd2b7cd698e19268daa3a1fa606b"
url = "https://github.com/prefix-dev/pixi/releases/download/v0.70.2/pixi-aarch64-unknown-linux-musl.tar.gz"
url_api = "https://api.github.com/repos/prefix-dev/pixi/releases/assets/441802069"

[tools."github:prefix-dev/pixi"."platforms.linux-arm64".provenance.slsa]
url = "https://github.com/prefix-dev/pixi/releases/download/v0.70.2/attestations-aarch64-unknown-linux-musl.intoto.jsonl"

[tools."github:prefix-dev/pixi"."platforms.linux-arm64-musl"]
checksum = "sha256:19f61d069f7ab963f3b9d6794134f893c83ecd2b7cd698e19268daa3a1fa606b"
url = "https://github.com/prefix-dev/pixi/releases/download/v0.70.2/pixi-aarch64-unknown-linux-musl.tar.gz"
url_api = "https://api.github.com/repos/prefix-dev/pixi/releases/assets/441802069"

[tools."github:prefix-dev/pixi"."platforms.linux-arm64-musl".provenance.slsa]
url = "https://github.com/prefix-dev/pixi/releases/download/v0.70.2/attestations-aarch64-unknown-linux-musl.intoto.jsonl"

[tools."github:prefix-dev/pixi"."platforms.linux-x64"]
checksum = "sha256:9d0d72fc1fa1a8f87bfde943cf25d3575cb352cb516795d4dab21898bd98adea"
url = "https://github.com/prefix-dev/pixi/releases/download/v0.70.2/pixi-x86_64-unknown-linux-musl.tar.gz"
url_api = "https://api.github.com/repos/prefix-dev/pixi/releases/assets/441802136"

[tools."github:prefix-dev/pixi"."platforms.linux-x64".provenance.slsa]
url = "https://github.com/prefix-dev/pixi/releases/download/v0.70.2/attestations-x86_64-unknown-linux-musl.intoto.jsonl"

[tools."github:prefix-dev/pixi"."platforms.linux-x64-musl"]
checksum = "sha256:9d0d72fc1fa1a8f87bfde943cf25d3575cb352cb516795d4dab21898bd98adea"
url = "https://github.com/prefix-dev/pixi/releases/download/v0.70.2/pixi-x86_64-unknown-linux-musl.tar.gz"
url_api = "https://api.github.com/repos/prefix-dev/pixi/releases/assets/441802136"

[tools."github:prefix-dev/pixi"."platforms.linux-x64-musl".provenance.slsa]
url = "https://github.com/prefix-dev/pixi/releases/download/v0.70.2/attestations-x86_64-unknown-linux-musl.intoto.jsonl"

[tools."github:prefix-dev/pixi"."platforms.macos-arm64"]
checksum = "sha256:861d03fc9df28c76ef174ece007d02537ae1c24e467d65de0fc82c78af71cced"
url = "https://github.com/prefix-dev/pixi/releases/download/v0.70.2/pixi-aarch64-apple-darwin.tar.gz"
url_api = "https://api.github.com/repos/prefix-dev/pixi/releases/assets/441802024"

[tools."github:prefix-dev/pixi"."platforms.macos-arm64".provenance.slsa]
url = "https://github.com/prefix-dev/pixi/releases/download/v0.70.2/attestations-aarch64-apple-darwin.intoto.jsonl"

[tools."github:prefix-dev/pixi"."platforms.macos-x64"]
checksum = "sha256:5d5b1bb53b8ea17524e6de03f43fe2c770baa9360f098d244fb26e1f44785b3a"
url = "https://github.com/prefix-dev/pixi/releases/download/v0.70.2/pixi-x86_64-apple-darwin.tar.gz"
url_api = "https://api.github.com/repos/prefix-dev/pixi/releases/assets/441802097"

[tools."github:prefix-dev/pixi"."platforms.macos-x64".provenance.slsa]
url = "https://github.com/prefix-dev/pixi/releases/download/v0.70.2/attestations-x86_64-apple-darwin.intoto.jsonl"

[tools."github:prefix-dev/pixi"."platforms.windows-x64"]
checksum = "sha256:90bab8eb79031ae406119dc33ca24bc680a17b05364b96174c5d74a26563509c"
url = "https://github.com/prefix-dev/pixi/releases/download/v0.70.2/pixi-x86_64-pc-windows-msvc.zip"
url_api = "https://api.github.com/repos/prefix-dev/pixi/releases/assets/441802123"

[tools."github:prefix-dev/pixi"."platforms.windows-x64".provenance.slsa]
url = "https://github.com/prefix-dev/pixi/releases/download/v0.70.2/attestations-x86_64-pc-windows-msvc.intoto.jsonl"

[[tools.node]]
version = "24.17.0"
backend = "core:node"

[tools.node."platforms.linux-arm64"]
checksum = "sha256:faa0d59ba7fe7045c950ed09b190578fb8eee73e4358686d38fcc99ca58c1480"
url = "https://nodejs.org/dist/v24.17.0/node-v24.17.0-linux-arm64.tar.gz"

[tools.node."platforms.linux-arm64-musl"]
checksum = "sha256:cc54f73a1a4108d9e325eb201d90b25eeab60edc92b2a13240b2877a74c596da"
url = "https://unofficial-builds.nodejs.org/download/release/v24.17.0/node-v24.17.0-linux-arm64-musl.tar.gz"

[tools.node."platforms.linux-x64"]
checksum = "sha256:e0472427aa791ad80bdc426ff7cc73cdd28ed0f616d1ff9689a23a7f47f1265f"
url = "https://nodejs.org/dist/v24.17.0/node-v24.17.0-linux-x64.tar.gz"

[tools.node."platforms.linux-x64-musl"]
checksum = "sha256:f884c958c0652f7cd0ea43fdc39dddd1a98456ea9b1adeca85964847e2e39fb0"
url = "https://unofficial-builds.nodejs.org/download/release/v24.17.0/node-v24.17.0-linux-x64-musl.tar.gz"

[tools.node."platforms.macos-arm64"]
checksum = "sha256:4fc3266a3702eebc39cc37661cf4eeceeade307e242ab64e4d7ce7949197e11f"
url = "https://nodejs.org/dist/v24.17.0/node-v24.17.0-darwin-arm64.tar.gz"

[tools.node."platforms.macos-x64"]
checksum = "sha256:80da552fe037290cb130e9dea590f5eeeb7aa450636f0c89ab41415511c1ec27"
url = "https://nodejs.org/dist/v24.17.0/node-v24.17.0-darwin-x64.tar.gz"

[tools.node."platforms.windows-x64"]
checksum = "sha256:f2aa33b35b75aca5f3f7b85675a6f6423201053e9381911e64961f3bda2528ab"
url = "https://nodejs.org/dist/v24.17.0/node-v24.17.0-win-x64.zip"

[[tools.python]]
version = "3.13.14"
backend = "core:python"

[tools.python."platforms.linux-arm64"]
checksum = "sha256:6f45030255928d210fe2963a769c53b9f99827779557d117d2b97332ad06f943"
url = "https://github.com/astral-sh/python-build-standalone/releases/download/20260610/cpython-3.13.14+20260610-aarch64-unknown-linux-gnu-install_only_stripped.tar.gz"
provenance = "github-attestations"

[tools.python."platforms.linux-arm64-musl"]
checksum = "sha256:c488b2c947798cf130619f7cd64eaeb63476981252ba76939f733ddf47d38354"
url = "https://github.com/astral-sh/python-build-standalone/releases/download/20260610/cpython-3.13.14+20260610-aarch64-unknown-linux-musl-install_only_stripped.tar.gz"
provenance = "github-attestations"

[tools.python."platforms.linux-x64"]
checksum = "sha256:d607e18e83227a0527cf3f54a48be973a75358a6885e4be67d4b0359b6f1c880"
url = "https://github.com/astral-sh/python-build-standalone/releases/download/20260610/cpython-3.13.14+20260610-x86_64-unknown-linux-gnu-install_only_stripped.tar.gz"
provenance = "github-attestations"

[tools.python."platforms.linux-x64-musl"]
checksum = "sha256:b4e1e97ae7e6144a3b4d13ad53eb8a3a46f2de1abdd6d6868be2bfa8b0e675da"
url = "https://github.com/astral-sh/python-build-standalone/releases/download/20260610/cpython-3.13.14+20260610-x86_64-unknown-linux-musl-install_only_stripped.tar.gz"
provenance = "github-attestations"

[tools.python."platforms.macos-arm64"]
checksum = "sha256:79daa8e9dea1e64ad50aebb05a807289023a474c2020b72361eb44d67fa2401e"
url = "https://github.com/astral-sh/python-build-standalone/releases/download/20260610/cpython-3.13.14+20260610-aarch64-apple-darwin-install_only_stripped.tar.gz"
provenance = "github-attestations"

[tools.python."platforms.macos-x64"]
checksum = "sha256:064731aded38b1a12909088d40d9e0e385dc989e38a1e1de9917610254194962"
url = "https://github.com/astral-sh/python-build-standalone/releases/download/20260610/cpython-3.13.14+20260610-x86_64-apple-darwin-install_only_stripped.tar.gz"
provenance = "github-attestations"

[tools.python."platforms.windows-x64"]
checksum = "sha256:2933d50847057b9131ff89578a220b9206c40fd6bc34d0c12afb716bd9bf8fc9"
url = "https://github.com/astral-sh/python-build-standalone/releases/download/20260610/cpython-3.13.14+20260610-x86_64-pc-windows-msvc-install_only_stripped.tar.gz"
provenance = "github-attestations"
